<?xml version="1.0" encoding="utf-8"?>
<Project ToolsVersion="4.0" xmlns="http://schemas.microsoft.com/developer/msbuild/2003">
  <ItemGroup>
    <Filter Include="Source Files">
      <UniqueIdentifier>{4FC737F1-C7A5-4376-A066-2A32D752A2FF}</UniqueIdentifier>
      <Extensions>cpp;c;cc;cxx;def;odl;idl;hpj;bat;asm;asmx</Extensions>
    </Filter>
    <Filter Include="Header Files">
      <UniqueIdentifier>{93995380-89BD-4b04-88EB-625FBE52EBFB}</UniqueIdentifier>
      <Extensions>h;hh;hpp;hxx;hm;inl;inc;xsd</Extensions>
    </Filter>
    <Filter Include="Resource Files">
      <UniqueIdentifier>{67DA6AB6-F800-4c08-8B7A-83BB121AAD01}</UniqueIdentifier>
      <Extensions>rc;ico;cur;bmp;dlg;rc2;rct;bin;rgs;gif;jpg;jpeg;jpe;resx;tiff;tif;png;wav;mfcribbon-ms</Extensions>
    </Filter>
  </ItemGroup>
  <ItemGroup>
    <ClCompile Include="scr\Main.cpp">
      <Filter>Source Files</Filter>
    </ClCompile>
    <ClCompile Include="scr\GameObject\GameObject.cpp">
      <Filter>Source Files</Filter>
    </ClCompile>
    <ClCompile Include="scr\GameObject\Component\IComponent.cpp">
      <Filter>Source Files</Filter>
    </ClCompile>
    <ClCompile Include="scr\GameObject\Component\Transform.cpp">
      <Filter>Source Files</Filter>
    </ClCompile>
    <ClCompile Include="scr\Maths\Quaternion.cpp">
      <Filter>Source Files</Filter>
    </ClCompile>
    <ClCompile Include="scr\Maths\MathStructs.cpp">
      <Filter>Source Files</Filter>
    </ClCompile>
    <ClCompile Include="scr\GameObject\Component\Camera.cpp">
      <Filter>Source Files</Filter>
    </ClCompile>
    <ClCompile Include="scr\Observer\Packet.cpp">
      <Filter>Source Files</Filter>
    </ClCompile>
    <ClCompile Include="scr\Observer\Switch.cpp">
      <Filter>Source Files</Filter>
    </ClCompile>
    <ClCompile Include="scr\Render\IRender.cpp">
      <Filter>Source Files</Filter>
    </ClCompile>
    <ClCompile Include="scr\Render\Octree\Octree.cpp">
      <Filter>Source Files</Filter>
    </ClCompile>
    <ClCompile Include="scr\IO\Model\OBJFileReader.cpp">
      <Filter>Source Files</Filter>
    </ClCompile>
    <ClCompile Include="scr\Common\Utilities.cpp">
      <Filter>Source Files</Filter>
    </ClCompile>
    <ClCompile Include="scr\Common\Material.cpp">
      <Filter>Source Files</Filter>
    </ClCompile>
    <ClCompile Include="scr\Render\Geometry.cpp">
      <Filter>Source Files</Filter>
    </ClCompile>
    <ClCompile Include="scr\Render\IShaderManager.cpp">
      <Filter>Source Files</Filter>
    </ClCompile>
    <ClCompile Include="scr\Render\ITextureManager.cpp">
      <Filter>Source Files</Filter>
    </ClCompile>
    <ClCompile Include="scr\Render\IVBOManager.cpp">
      <Filter>Source Files</Filter>
    </ClCompile>
    <ClCompile Include="scr\Render\RawGeometry.cpp">
      <Filter>Source Files</Filter>
    </ClCompile>
    <ClCompile Include="scr\Render\DX11\DX11Render.cpp">
      <Filter>Source Files</Filter>
    </ClCompile>
    <ClCompile Include="scr\Render\DX11\DX11VBOManager.cpp">
      <Filter>Source Files</Filter>
    </ClCompile>
    <ClCompile Include="scr\Render\DX11\DX11TextureManager.cpp">
      <Filter>Source Files</Filter>
    </ClCompile>
    <ClCompile Include="scr\Render\Vulkan\VulkanRender.cpp">
      <Filter>Source Files</Filter>
    </ClCompile>
    <ClCompile Include="scr\ECS\System.cpp">
      <Filter>Source Files</Filter>
    </ClCompile>
    <ClCompile Include="scr\ECS\Component.cpp">
      <Filter>Source Files</Filter>
    </ClCompile>
    <ClCompile Include="scr\ECS\ECS.cpp">
      <Filter>Source Files</Filter>
    </ClCompile>
    <ClCompile Include="scr\Render\Vulkan\VulkanShaderManager.cpp">
      <Filter>Source Files</Filter>
    </ClCompile>
  </ItemGroup>
  <ItemGroup>
    <ClInclude Include="scr\GameObject\GameObject.h">
      <Filter>Header Files</Filter>
    </ClInclude>
    <ClInclude Include="scr\GameObject\Component\IComponent.h">
      <Filter>Header Files</Filter>
    </ClInclude>
    <ClInclude Include="scr\GameObject\Component\Transform.h">
      <Filter>Header Files</Filter>
    </ClInclude>
    <ClInclude Include="scr\Maths\Quaternion.h">
      <Filter>Header Files</Filter>
    </ClInclude>
    <ClInclude Include="scr\Maths\MathStructs.h">
      <Filter>Header Files</Filter>
    </ClInclude>
    <ClInclude Include="scr\GameObject\Component\Camera.h">
      <Filter>Header Files</Filter>
    </ClInclude>
    <ClInclude Include="scr\Observer\Packet.h">
      <Filter>Header Files</Filter>
    </ClInclude>
    <ClInclude Include="scr\Observer\Switch.h">
      <Filter>Header Files</Filter>
    </ClInclude>
    <ClInclude Include="scr\Render\IRender.h">
      <Filter>Header Files</Filter>
    </ClInclude>
    <ClInclude Include="scr\Render\Octree\Octree.h">
      <Filter>Header Files</Filter>
    </ClInclude>
    <ClInclude Include="scr\IO\Model\OBJFileReader.h">
      <Filter>Header Files</Filter>
    </ClInclude>
    <ClInclude Include="scr\Common\Material.h">
      <Filter>Header Files</Filter>
    </ClInclude>
    <ClInclude Include="scr\Common\Color.h">
      <Filter>Header Files</Filter>
    </ClInclude>
    <ClInclude Include="scr\Common\Utilities.h">
      <Filter>Header Files</Filter>
    </ClInclude>
    <ClInclude Include="scr\Common\ObjectVertex.h">
      <Filter>Header Files</Filter>
    </ClInclude>
    <ClInclude Include="scr\Entity\Component\Transform.h">
      <Filter>Header Files</Filter>
    </ClInclude>
    <ClInclude Include="scr\Entity\Component\Camera.h">
      <Filter>Header Files</Filter>
    </ClInclude>
    <ClInclude Include="scr\Render\Geometry.h">
      <Filter>Header Files</Filter>
    </ClInclude>
    <ClInclude Include="scr\Entity\Component\RenderModel.h">
      <Filter>Header Files</Filter>
    </ClInclude>
    <ClInclude Include="scr\Common\resource.h">
      <Filter>Header Files</Filter>
    </ClInclude>
    <ClInclude Include="scr\Render\IShaderManager.h">
      <Filter>Header Files</Filter>
    </ClInclude>
    <ClInclude Include="scr\Render\IVBOManager.h">
      <Filter>Header Files</Filter>
    </ClInclude>
    <ClInclude Include="scr\Render\ITextureManager.h">
      <Filter>Header Files</Filter>
    </ClInclude>
    <ClInclude Include="scr\Render\RawGeometry.h">
      <Filter>Header Files</Filter>
    </ClInclude>
    <ClInclude Include="scr\Render\DX11\DX11Render.h">
      <Filter>Header Files</Filter>
    </ClInclude>
    <ClInclude Include="scr\Render\DX11\DX11VBOManager.h">
      <Filter>Header Files</Filter>
    </ClInclude>
    <ClInclude Include="scr\Render\DX11\DX11TextureManager.h">
      <Filter>Header Files</Filter>
    </ClInclude>
    <ClInclude Include="scr\Render\Vulkan\VulkanRender.h">
      <Filter>Header Files</Filter>
    </ClInclude>
    <ClInclude Include="scr\ECS\System.h">
      <Filter>Header Files</Filter>
    </ClInclude>
    <ClInclude Include="scr\ECS\Component.h">
      <Filter>Header Files</Filter>
    </ClInclude>
    <ClInclude Include="scr\ECS\ECS.h">
      <Filter>Header Files</Filter>
    </ClInclude>
    <ClInclude Include="scr\Render\Vulkan\VulkanShaderManager.h">
      <Filter>Header Files</Filter>
    </ClInclude>
  </ItemGroup>
  <ItemGroup>
    <None Include="packages.config" />
  </ItemGroup>
</Project>